// !$*UTF8*$!
{
	archiveVersion = 1;
	classes = {
	};
	objectVersion = 46;
	objects = {

/* Begin PBXBuildFile section */
		44563D78DF4EFFA27AB36B71 /* Pods_1.framework in Frameworks */ = {isa = PBXBuildFile; fileRef = CD7F374CE6BBEDFE7045F076 /* Pods_1.framework */; };
		6B241BA71C972170004FCE4C /* HorizontalBarChartViewController.swift in Sources */ = {isa = PBXBuildFile; fileRef = 6B241BA41C972170004FCE4C /* HorizontalBarChartViewController.swift */; };
		6B354A531CC95F6600BF819C /* Charts.framework in Frameworks */ = {isa = PBXBuildFile; fileRef = 28B5DCB61CC6CDD700862BC1 /* Charts.framework */; };
		6B354A541CC95F6600BF819C /* Charts.framework in Embed Frameworks */ = {isa = PBXBuildFile; fileRef = 28B5DCB61CC6CDD700862BC1 /* Charts.framework */; settings = {ATTRIBUTES = (CodeSignOnCopy, RemoveHeadersOnCopy, ); }; };
		6B3D1D081C88BF6E00C01B6B /* Tour.swift in Sources */ = {isa = PBXBuildFile; fileRef = 6B3D1D071C88BF6E00C01B6B /* Tour.swift */; };
		6B3D6BA71C8EC32F00FCDAFF /* Settings.swift in Sources */ = {isa = PBXBuildFile; fileRef = 6B3D6BA61C8EC32F00FCDAFF /* Settings.swift */; };
		6B3D6BA91C8EF03700FCDAFF /* ChangePassword.swift in Sources */ = {isa = PBXBuildFile; fileRef = 6B3D6BA81C8EF03700FCDAFF /* ChangePassword.swift */; };
		6B48B4131CCCBB0F0002A9D3 /* Menu.swift in Sources */ = {isa = PBXBuildFile; fileRef = 6B48B4121CCCBB0F0002A9D3 /* Menu.swift */; };
		6B6CBA4A1C8B1A73004DDC71 /* logo.png in Resources */ = {isa = PBXBuildFile; fileRef = 6B6CBA491C8B1A73004DDC71 /* logo.png */; };
		6B6CBA4C1C8B3BA6004DDC71 /* Notification Information.swift in Sources */ = {isa = PBXBuildFile; fileRef = 6B6CBA4B1C8B3BA6004DDC71 /* Notification Information.swift */; };
		6B6CBA4E1C8B44CF004DDC71 /* Checkbox Empty.png in Resources */ = {isa = PBXBuildFile; fileRef = 6B6CBA4D1C8B44CF004DDC71 /* Checkbox Empty.png */; };
		6B6CBA501C8B44D7004DDC71 /* Checkbox Full.png in Resources */ = {isa = PBXBuildFile; fileRef = 6B6CBA4F1C8B44D7004DDC71 /* Checkbox Full.png */; };
		6B6CBA521C8B4932004DDC71 /* Consent To Participate.swift in Sources */ = {isa = PBXBuildFile; fileRef = 6B6CBA511C8B4932004DDC71 /* Consent To Participate.swift */; };
		6B6CBA541C8C2DAA004DDC71 /* Sign Up.swift in Sources */ = {isa = PBXBuildFile; fileRef = 6B6CBA531C8C2DAA004DDC71 /* Sign Up.swift */; };
		6B6CBA5C1C8C5D1C004DDC71 /* Gender.swift in Sources */ = {isa = PBXBuildFile; fileRef = 6B6CBA5B1C8C5D1C004DDC71 /* Gender.swift */; };
		6B6CBA5E1C8C7612004DDC71 /* DOB.swift in Sources */ = {isa = PBXBuildFile; fileRef = 6B6CBA5D1C8C7612004DDC71 /* DOB.swift */; };
		6B81A1B21C93786D0082EFA8 /* radio_active.png in Resources */ = {isa = PBXBuildFile; fileRef = 6B81A1B01C93786D0082EFA8 /* radio_active.png */; };
		6B81A1B31C93786D0082EFA8 /* radio_inactive.png in Resources */ = {isa = PBXBuildFile; fileRef = 6B81A1B11C93786D0082EFA8 /* radio_inactive.png */; };
		6B8B10C21C87548000CC21BA /* NotificationsSettings.swift in Sources */ = {isa = PBXBuildFile; fileRef = 6B8B10C11C87548000CC21BA /* NotificationsSettings.swift */; };
		6B8FFBB01C870EF300EF6A44 /* View1.swift in Sources */ = {isa = PBXBuildFile; fileRef = 6B8FFBA81C870EF300EF6A44 /* View1.swift */; };
		6B8FFBB11C870EF300EF6A44 /* View1.xib in Resources */ = {isa = PBXBuildFile; fileRef = 6B8FFBA91C870EF300EF6A44 /* View1.xib */; };
		6B8FFBB21C870EF300EF6A44 /* View2.swift in Sources */ = {isa = PBXBuildFile; fileRef = 6B8FFBAA1C870EF300EF6A44 /* View2.swift */; };
		6B8FFBB31C870EF300EF6A44 /* View2.xib in Resources */ = {isa = PBXBuildFile; fileRef = 6B8FFBAB1C870EF300EF6A44 /* View2.xib */; };
		6B8FFBB41C870EF300EF6A44 /* View3.swift in Sources */ = {isa = PBXBuildFile; fileRef = 6B8FFBAC1C870EF300EF6A44 /* View3.swift */; };
		6B8FFBB51C870EF300EF6A44 /* View3.xib in Resources */ = {isa = PBXBuildFile; fileRef = 6B8FFBAD1C870EF300EF6A44 /* View3.xib */; };
		6B8FFBB61C870EF300EF6A44 /* View4.swift in Sources */ = {isa = PBXBuildFile; fileRef = 6B8FFBAE1C870EF300EF6A44 /* View4.swift */; };
		6B8FFBB71C870EF300EF6A44 /* View4.xib in Resources */ = {isa = PBXBuildFile; fileRef = 6B8FFBAF1C870EF300EF6A44 /* View4.xib */; };
		6B8FFBB91C871ED700EF6A44 /* SleepSchedule.swift in Sources */ = {isa = PBXBuildFile; fileRef = 6B8FFBB81C871ED700EF6A44 /* SleepSchedule.swift */; };
		6BA3E4801C95D69E00C4994D /* SWRevealViewController.m in Sources */ = {isa = PBXBuildFile; fileRef = 6B9EF4211C8E29F0005546FC /* SWRevealViewController.m */; };
		6BA76BFE1C923C0100AC941A /* key_active.png in Resources */ = {isa = PBXBuildFile; fileRef = 6BA76BFA1C923C0100AC941A /* key_active.png */; };
		6BA76BFF1C923C0100AC941A /* key.png in Resources */ = {isa = PBXBuildFile; fileRef = 6BA76BFB1C923C0100AC941A /* key.png */; };
		6BA76C001C923C0100AC941A /* message_active.png in Resources */ = {isa = PBXBuildFile; fileRef = 6BA76BFC1C923C0100AC941A /* message_active.png */; };
		6BA76C011C923C0100AC941A /* message.png in Resources */ = {isa = PBXBuildFile; fileRef = 6BA76BFD1C923C0100AC941A /* message.png */; };
		6BA76C031C923CED00AC941A /* LogIn.swift in Sources */ = {isa = PBXBuildFile; fileRef = 6BA76C021C923CED00AC941A /* LogIn.swift */; };
		6BA76C051C923EF100AC941A /* backgrounColor.png in Resources */ = {isa = PBXBuildFile; fileRef = 6BA76C041C923EF100AC941A /* backgrounColor.png */; };
		6BB0FB5A1CC0BF1200653E12 /* CopyrightsViewController.swift in Sources */ = {isa = PBXBuildFile; fileRef = 6BB0FB591CC0BF1200653E12 /* CopyrightsViewController.swift */; };
		6BB0FB5C1CC0D0FF00653E12 /* RevealViewControllerLicense.swift in Sources */ = {isa = PBXBuildFile; fileRef = 6BB0FB5B1CC0D0FF00653E12 /* RevealViewControllerLicense.swift */; };
		6BB0FB5E1CC0D3A000653E12 /* ChartsLicense.swift in Sources */ = {isa = PBXBuildFile; fileRef = 6BB0FB5D1CC0D3A000653E12 /* ChartsLicense.swift */; };
		6BB0FB611CC0E32E00653E12 /* YourData.swift in Sources */ = {isa = PBXBuildFile; fileRef = 6BB0FB601CC0E32E00653E12 /* YourData.swift */; };
		6BB0FB671CC1046100653E12 /* samplescreen1.png in Resources */ = {isa = PBXBuildFile; fileRef = 6BB0FB651CC1046100653E12 /* samplescreen1.png */; };
		6BB0FB681CC1046100653E12 /* samplescreen2.png in Resources */ = {isa = PBXBuildFile; fileRef = 6BB0FB661CC1046100653E12 /* samplescreen2.png */; };
		6BBE20B31C9ED7DA0058F410 /* SurveyPage3.swift in Sources */ = {isa = PBXBuildFile; fileRef = 6BBE20B21C9ED7DA0058F410 /* SurveyPage3.swift */; };
		6BBE20B81C9ED8550058F410 /* SurveyPage5.swift in Sources */ = {isa = PBXBuildFile; fileRef = 6BBE20B71C9ED8550058F410 /* SurveyPage5.swift */; };
		6BCA62181C94D0D90071B527 /* areYouCurrently.swift in Sources */ = {isa = PBXBuildFile; fileRef = 6BCA62141C94D0D90071B527 /* areYouCurrently.swift */; };
		6BCA62191C94D0D90071B527 /* divertedYourAttention.swift in Sources */ = {isa = PBXBuildFile; fileRef = 6BCA62151C94D0D90071B527 /* divertedYourAttention.swift */; };
		6BCA621A1C94D0D90071B527 /* hasAnythingDivertedYourAttention.swift in Sources */ = {isa = PBXBuildFile; fileRef = 6BCA62161C94D0D90071B527 /* hasAnythingDivertedYourAttention.swift */; };
		6BCA621D1C956CD30071B527 /* SurveyPage1.swift in Sources */ = {isa = PBXBuildFile; fileRef = 6BCA621C1C956CD30071B527 /* SurveyPage1.swift */; };
		6BCA621F1C9586780071B527 /* ListOfThings.swift in Sources */ = {isa = PBXBuildFile; fileRef = 6BCA621E1C9586780071B527 /* ListOfThings.swift */; };
		6BCA62211C95A3420071B527 /* MenuTable.swift in Sources */ = {isa = PBXBuildFile; fileRef = 6BCA62201C95A3420071B527 /* MenuTable.swift */; };
		6BD3EF831C858A2100DB6601 /* AppDelegate.swift in Sources */ = {isa = PBXBuildFile; fileRef = 6BD3EF821C858A2100DB6601 /* AppDelegate.swift */; };
		6BD3EF881C858A2100DB6601 /* Main.storyboard in Resources */ = {isa = PBXBuildFile; fileRef = 6BD3EF861C858A2100DB6601 /* Main.storyboard */; };
		6BD3EF8A1C858A2100DB6601 /* Assets.xcassets in Resources */ = {isa = PBXBuildFile; fileRef = 6BD3EF891C858A2100DB6601 /* Assets.xcassets */; };
		6BF501781C976BA500D02DDF /* Graphs 21-57-48-615.png in Resources */ = {isa = PBXBuildFile; fileRef = 6BF501741C976BA500D02DDF /* Graphs 21-57-48-615.png */; };
		6BF5017A1C976BA500D02DDF /* settings.png in Resources */ = {isa = PBXBuildFile; fileRef = 6BF501761C976BA500D02DDF /* settings.png */; };
		6BF5017B1C976BA500D02DDF /* SignOut 21-58-29-156.png in Resources */ = {isa = PBXBuildFile; fileRef = 6BF501771C976BA500D02DDF /* SignOut 21-58-29-156.png */; };
		6BF5017D1C976CD100D02DDF /* Home 22-02-41-812.png in Resources */ = {isa = PBXBuildFile; fileRef = 6BF5017C1C976CD100D02DDF /* Home 22-02-41-812.png */; };
		6BF5017F1C976CDC00D02DDF /* settings 21-57-48-605.png in Resources */ = {isa = PBXBuildFile; fileRef = 6BF5017E1C976CDC00D02DDF /* settings 21-57-48-605.png */; };
		6BF501811C982D0A00D02DDF /* Background2.0.png in Resources */ = {isa = PBXBuildFile; fileRef = 6BF501801C982D0A00D02DDF /* Background2.0.png */; };
		6BFC4B3A1C9D7EDA003DD657 /* ViewController.swift in Sources */ = {isa = PBXBuildFile; fileRef = 6BD3EF841C858A2100DB6601 /* ViewController.swift */; };
		6BFF50F21CCBCDAF00AFA90C /* backgroundImage.png in Resources */ = {isa = PBXBuildFile; fileRef = 6BFF50F11CCBCDAF00AFA90C /* backgroundImage.png */; };
/* End PBXBuildFile section */

/* Begin PBXContainerItemProxy section */
		28B5DCB51CC6CDD700862BC1 /* PBXContainerItemProxy */ = {
			isa = PBXContainerItemProxy;
			containerPortal = 28B5DCAE1CC6CDD700862BC1 /* Charts.xcodeproj */;
			proxyType = 2;
			remoteGlobalIDString = 5BA8EC401A9D14DC00CE82E1;
			remoteInfo = "Charts-iOS";
		};
		28B5DCB71CC6CDD700862BC1 /* PBXContainerItemProxy */ = {
			isa = PBXContainerItemProxy;
			containerPortal = 28B5DCAE1CC6CDD700862BC1 /* Charts.xcodeproj */;
			proxyType = 2;
			remoteGlobalIDString = A52C5C371BAC5CA400594CDD;
			remoteInfo = "Charts-TV";
		};
		28B5DCB91CC6CDD700862BC1 /* PBXContainerItemProxy */ = {
			isa = PBXContainerItemProxy;
			containerPortal = 28B5DCAE1CC6CDD700862BC1 /* Charts.xcodeproj */;
			proxyType = 2;
			remoteGlobalIDString = 65B3F5BF1C7370BE000983D0;
			remoteInfo = "Charts-OSX";
		};
		28B5DCBB1CC6CDD700862BC1 /* PBXContainerItemProxy */ = {
			isa = PBXContainerItemProxy;
			containerPortal = 28B5DCAE1CC6CDD700862BC1 /* Charts.xcodeproj */;
			proxyType = 2;
			remoteGlobalIDString = 06AEE7A21BDC3F8B009875AE;
			remoteInfo = ChartsTests;
		};
		6B1397BE1CBF9CB7000C360E /* PBXContainerItemProxy */ = {
			isa = PBXContainerItemProxy;
			containerPortal = 6BD3EF771C858A2100DB6601 /* Project object */;
			proxyType = 1;
			remoteGlobalIDString = 6BD3EF7E1C858A2100DB6601;
			remoteInfo = 1;
		};
		6B354A4B1CC95F5E00BF819C /* PBXContainerItemProxy */ = {
			isa = PBXContainerItemProxy;
			containerPortal = 6B354A441CC95F5E00BF819C /* Charts.xcodeproj */;
			proxyType = 2;
			remoteGlobalIDString = 5BA8EC401A9D14DC00CE82E1;
			remoteInfo = "Charts-iOS";
		};
		6B354A4D1CC95F5E00BF819C /* PBXContainerItemProxy */ = {
			isa = PBXContainerItemProxy;
			containerPortal = 6B354A441CC95F5E00BF819C /* Charts.xcodeproj */;
			proxyType = 2;
			remoteGlobalIDString = A52C5C371BAC5CA400594CDD;
			remoteInfo = "Charts-TV";
		};
		6B354A4F1CC95F5E00BF819C /* PBXContainerItemProxy */ = {
			isa = PBXContainerItemProxy;
			containerPortal = 6B354A441CC95F5E00BF819C /* Charts.xcodeproj */;
			proxyType = 2;
			remoteGlobalIDString = 65B3F5BF1C7370BE000983D0;
			remoteInfo = "Charts-OSX";
		};
		6B354A511CC95F5E00BF819C /* PBXContainerItemProxy */ = {
			isa = PBXContainerItemProxy;
			containerPortal = 6B354A441CC95F5E00BF819C /* Charts.xcodeproj */;
			proxyType = 2;
			remoteGlobalIDString = 06AEE7A21BDC3F8B009875AE;
			remoteInfo = ChartsTests;
		};
		6B354A551CC95F6600BF819C /* PBXContainerItemProxy */ = {
			isa = PBXContainerItemProxy;
			containerPortal = 28B5DCAE1CC6CDD700862BC1 /* Charts.xcodeproj */;
			proxyType = 1;
			remoteGlobalIDString = 5BA8EC3F1A9D14DC00CE82E1;
			remoteInfo = "Charts-iOS";
		};
/* End PBXContainerItemProxy section */

/* Begin PBXCopyFilesBuildPhase section */
		6B354A571CC95F6600BF819C /* Embed Frameworks */ = {
			isa = PBXCopyFilesBuildPhase;
			buildActionMask = 2147483647;
			dstPath = "";
			dstSubfolderSpec = 10;
			files = (
				6B354A541CC95F6600BF819C /* Charts.framework in Embed Frameworks */,
			);
			name = "Embed Frameworks";
			runOnlyForDeploymentPostprocessing = 0;
		};
/* End PBXCopyFilesBuildPhase section */

/* Begin PBXFileReference section */
		28B5DCAE1CC6CDD700862BC1 /* Charts.xcodeproj */ = {isa = PBXFileReference; lastKnownFileType = "wrapper.pb-project"; name = Charts.xcodeproj; path = Charts/Charts.xcodeproj; sourceTree = "<group>"; };
		59289482031957F7F549FA4C /* Pods-1.release.xcconfig */ = {isa = PBXFileReference; includeInIndex = 1; lastKnownFileType = text.xcconfig; name = "Pods-1.release.xcconfig"; path = "Pods/Target Support Files/Pods-1/Pods-1.release.xcconfig"; sourceTree = "<group>"; };
		6B1397B91CBF9CB7000C360E /* 1Tests.xctest */ = {isa = PBXFileReference; explicitFileType = wrapper.cfbundle; includeInIndex = 0; path = 1Tests.xctest; sourceTree = BUILT_PRODUCTS_DIR; };
		6B241BA41C972170004FCE4C /* HorizontalBarChartViewController.swift */ = {isa = PBXFileReference; fileEncoding = 4; lastKnownFileType = sourcecode.swift; path = HorizontalBarChartViewController.swift; sourceTree = SOURCE_ROOT; };
		6B354A441CC95F5E00BF819C /* Charts.xcodeproj */ = {isa = PBXFileReference; lastKnownFileType = "wrapper.pb-project"; name = Charts.xcodeproj; path = Charts/Charts.xcodeproj; sourceTree = SOURCE_ROOT; };
		6B3D1D071C88BF6E00C01B6B /* Tour.swift */ = {isa = PBXFileReference; fileEncoding = 4; lastKnownFileType = sourcecode.swift; path = Tour.swift; sourceTree = "<group>"; };
		6B3D6BA61C8EC32F00FCDAFF /* Settings.swift */ = {isa = PBXFileReference; fileEncoding = 4; lastKnownFileType = sourcecode.swift; name = Settings.swift; path = ../Settings.swift; sourceTree = "<group>"; };
		6B3D6BA81C8EF03700FCDAFF /* ChangePassword.swift */ = {isa = PBXFileReference; fileEncoding = 4; lastKnownFileType = sourcecode.swift; name = ChangePassword.swift; path = ../ChangePassword.swift; sourceTree = "<group>"; };
		6B48B4121CCCBB0F0002A9D3 /* Menu.swift */ = {isa = PBXFileReference; fileEncoding = 4; lastKnownFileType = sourcecode.swift; path = Menu.swift; sourceTree = "<group>"; };
		6B6CBA491C8B1A73004DDC71 /* logo.png */ = {isa = PBXFileReference; lastKnownFileType = image.png; path = logo.png; sourceTree = "<group>"; };
		6B6CBA4B1C8B3BA6004DDC71 /* Notification Information.swift */ = {isa = PBXFileReference; fileEncoding = 4; lastKnownFileType = sourcecode.swift; path = "Notification Information.swift"; sourceTree = "<group>"; };
		6B6CBA4D1C8B44CF004DDC71 /* Checkbox Empty.png */ = {isa = PBXFileReference; lastKnownFileType = image.png; path = "Checkbox Empty.png"; sourceTree = "<group>"; };
		6B6CBA4F1C8B44D7004DDC71 /* Checkbox Full.png */ = {isa = PBXFileReference; lastKnownFileType = image.png; path = "Checkbox Full.png"; sourceTree = "<group>"; };
		6B6CBA511C8B4932004DDC71 /* Consent To Participate.swift */ = {isa = PBXFileReference; fileEncoding = 4; lastKnownFileType = sourcecode.swift; path = "Consent To Participate.swift"; sourceTree = "<group>"; };
		6B6CBA531C8C2DAA004DDC71 /* Sign Up.swift */ = {isa = PBXFileReference; fileEncoding = 4; lastKnownFileType = sourcecode.swift; name = "Sign Up.swift"; path = "../Sign Up.swift"; sourceTree = "<group>"; };
		6B6CBA5B1C8C5D1C004DDC71 /* Gender.swift */ = {isa = PBXFileReference; fileEncoding = 4; lastKnownFileType = sourcecode.swift; name = Gender.swift; path = ../Gender.swift; sourceTree = "<group>"; };
		6B6CBA5D1C8C7612004DDC71 /* DOB.swift */ = {isa = PBXFileReference; fileEncoding = 4; lastKnownFileType = sourcecode.swift; path = DOB.swift; sourceTree = "<group>"; };
		6B81A1B01C93786D0082EFA8 /* radio_active.png */ = {isa = PBXFileReference; lastKnownFileType = image.png; path = radio_active.png; sourceTree = "<group>"; };
		6B81A1B11C93786D0082EFA8 /* radio_inactive.png */ = {isa = PBXFileReference; lastKnownFileType = image.png; path = radio_inactive.png; sourceTree = "<group>"; };
		6B8B10C11C87548000CC21BA /* NotificationsSettings.swift */ = {isa = PBXFileReference; fileEncoding = 4; lastKnownFileType = sourcecode.swift; path = NotificationsSettings.swift; sourceTree = "<group>"; };
		6B8FFBA81C870EF300EF6A44 /* View1.swift */ = {isa = PBXFileReference; fileEncoding = 4; lastKnownFileType = sourcecode.swift; path = View1.swift; sourceTree = "<group>"; };
		6B8FFBA91C870EF300EF6A44 /* View1.xib */ = {isa = PBXFileReference; fileEncoding = 4; lastKnownFileType = file.xib; path = View1.xib; sourceTree = "<group>"; };
		6B8FFBAA1C870EF300EF6A44 /* View2.swift */ = {isa = PBXFileReference; fileEncoding = 4; lastKnownFileType = sourcecode.swift; path = View2.swift; sourceTree = "<group>"; };
		6B8FFBAB1C870EF300EF6A44 /* View2.xib */ = {isa = PBXFileReference; fileEncoding = 4; lastKnownFileType = file.xib; path = View2.xib; sourceTree = "<group>"; };
		6B8FFBAC1C870EF300EF6A44 /* View3.swift */ = {isa = PBXFileReference; fileEncoding = 4; lastKnownFileType = sourcecode.swift; path = View3.swift; sourceTree = "<group>"; };
		6B8FFBAD1C870EF300EF6A44 /* View3.xib */ = {isa = PBXFileReference; fileEncoding = 4; lastKnownFileType = file.xib; path = View3.xib; sourceTree = "<group>"; };
		6B8FFBAE1C870EF300EF6A44 /* View4.swift */ = {isa = PBXFileReference; fileEncoding = 4; lastKnownFileType = sourcecode.swift; path = View4.swift; sourceTree = "<group>"; };
		6B8FFBAF1C870EF300EF6A44 /* View4.xib */ = {isa = PBXFileReference; fileEncoding = 4; lastKnownFileType = file.xib; path = View4.xib; sourceTree = "<group>"; };
		6B8FFBB81C871ED700EF6A44 /* SleepSchedule.swift */ = {isa = PBXFileReference; fileEncoding = 4; lastKnownFileType = sourcecode.swift; path = SleepSchedule.swift; sourceTree = "<group>"; };
		6B9EF4201C8E29F0005546FC /* SWRevealViewController.h */ = {isa = PBXFileReference; fileEncoding = 4; lastKnownFileType = sourcecode.c.h; path = SWRevealViewController.h; sourceTree = "<group>"; };
		6B9EF4211C8E29F0005546FC /* SWRevealViewController.m */ = {isa = PBXFileReference; fileEncoding = 4; lastKnownFileType = sourcecode.c.objc; path = SWRevealViewController.m; sourceTree = "<group>"; };
		6B9EF4231C8E29F7005546FC /* 1-Bridging-Header.h */ = {isa = PBXFileReference; fileEncoding = 4; lastKnownFileType = sourcecode.c.h; path = "1-Bridging-Header.h"; sourceTree = "<group>"; };
		6BA76BFA1C923C0100AC941A /* key_active.png */ = {isa = PBXFileReference; lastKnownFileType = image.png; path = key_active.png; sourceTree = "<group>"; };
		6BA76BFB1C923C0100AC941A /* key.png */ = {isa = PBXFileReference; lastKnownFileType = image.png; path = key.png; sourceTree = "<group>"; };
		6BA76BFC1C923C0100AC941A /* message_active.png */ = {isa = PBXFileReference; lastKnownFileType = image.png; path = message_active.png; sourceTree = "<group>"; };
		6BA76BFD1C923C0100AC941A /* message.png */ = {isa = PBXFileReference; lastKnownFileType = image.png; path = message.png; sourceTree = "<group>"; };
		6BA76C021C923CED00AC941A /* LogIn.swift */ = {isa = PBXFileReference; fileEncoding = 4; lastKnownFileType = sourcecode.swift; path = LogIn.swift; sourceTree = "<group>"; };
		6BA76C041C923EF100AC941A /* backgrounColor.png */ = {isa = PBXFileReference; lastKnownFileType = image.png; path = backgrounColor.png; sourceTree = "<group>"; };
		6BB0FB591CC0BF1200653E12 /* CopyrightsViewController.swift */ = {isa = PBXFileReference; fileEncoding = 4; lastKnownFileType = sourcecode.swift; path = CopyrightsViewController.swift; sourceTree = "<group>"; };
		6BB0FB5B1CC0D0FF00653E12 /* RevealViewControllerLicense.swift */ = {isa = PBXFileReference; fileEncoding = 4; lastKnownFileType = sourcecode.swift; path = RevealViewControllerLicense.swift; sourceTree = "<group>"; };
		6BB0FB5D1CC0D3A000653E12 /* ChartsLicense.swift */ = {isa = PBXFileReference; fileEncoding = 4; lastKnownFileType = sourcecode.swift; path = ChartsLicense.swift; sourceTree = "<group>"; };
		6BB0FB601CC0E32E00653E12 /* YourData.swift */ = {isa = PBXFileReference; fileEncoding = 4; lastKnownFileType = sourcecode.swift; name = YourData.swift; path = ../YourData.swift; sourceTree = "<group>"; };
		6BB0FB651CC1046100653E12 /* samplescreen1.png */ = {isa = PBXFileReference; lastKnownFileType = image.png; path = samplescreen1.png; sourceTree = "<group>"; };
		6BB0FB661CC1046100653E12 /* samplescreen2.png */ = {isa = PBXFileReference; lastKnownFileType = image.png; path = samplescreen2.png; sourceTree = "<group>"; };
		6BBE20B21C9ED7DA0058F410 /* SurveyPage3.swift */ = {isa = PBXFileReference; fileEncoding = 4; lastKnownFileType = sourcecode.swift; path = SurveyPage3.swift; sourceTree = "<group>"; };
		6BBE20B71C9ED8550058F410 /* SurveyPage5.swift */ = {isa = PBXFileReference; fileEncoding = 4; lastKnownFileType = sourcecode.swift; path = SurveyPage5.swift; sourceTree = "<group>"; };
		6BCA62141C94D0D90071B527 /* areYouCurrently.swift */ = {isa = PBXFileReference; fileEncoding = 4; lastKnownFileType = sourcecode.swift; path = areYouCurrently.swift; sourceTree = "<group>"; };
		6BCA62151C94D0D90071B527 /* divertedYourAttention.swift */ = {isa = PBXFileReference; fileEncoding = 4; lastKnownFileType = sourcecode.swift; path = divertedYourAttention.swift; sourceTree = "<group>"; };
		6BCA62161C94D0D90071B527 /* hasAnythingDivertedYourAttention.swift */ = {isa = PBXFileReference; fileEncoding = 4; lastKnownFileType = sourcecode.swift; path = hasAnythingDivertedYourAttention.swift; sourceTree = "<group>"; };
		6BCA621C1C956CD30071B527 /* SurveyPage1.swift */ = {isa = PBXFileReference; fileEncoding = 4; lastKnownFileType = sourcecode.swift; path = SurveyPage1.swift; sourceTree = "<group>"; };
		6BCA621E1C9586780071B527 /* ListOfThings.swift */ = {isa = PBXFileReference; fileEncoding = 4; lastKnownFileType = sourcecode.swift; path = ListOfThings.swift; sourceTree = "<group>"; };
		6BCA62201C95A3420071B527 /* MenuTable.swift */ = {isa = PBXFileReference; fileEncoding = 4; lastKnownFileType = sourcecode.swift; path = MenuTable.swift; sourceTree = "<group>"; };
		6BD3EF7F1C858A2100DB6601 /* Focus.app */ = {isa = PBXFileReference; explicitFileType = wrapper.application; includeInIndex = 0; path = Focus.app; sourceTree = BUILT_PRODUCTS_DIR; };
		6BD3EF821C858A2100DB6601 /* AppDelegate.swift */ = {isa = PBXFileReference; lastKnownFileType = sourcecode.swift; path = AppDelegate.swift; sourceTree = "<group>"; };
		6BD3EF841C858A2100DB6601 /* ViewController.swift */ = {isa = PBXFileReference; lastKnownFileType = sourcecode.swift; path = ViewController.swift; sourceTree = "<group>"; };
		6BD3EF871C858A2100DB6601 /* Base */ = {isa = PBXFileReference; lastKnownFileType = file.storyboard; name = Base; path = Base.lproj/Main.storyboard; sourceTree = "<group>"; };
		6BD3EF891C858A2100DB6601 /* Assets.xcassets */ = {isa = PBXFileReference; lastKnownFileType = folder.assetcatalog; path = Assets.xcassets; sourceTree = "<group>"; };
		6BD3EF8E1C858A2100DB6601 /* Info.plist */ = {isa = PBXFileReference; lastKnownFileType = text.plist.xml; path = Info.plist; sourceTree = "<group>"; };
		6BF501741C976BA500D02DDF /* Graphs 21-57-48-615.png */ = {isa = PBXFileReference; lastKnownFileType = image.png; path = "Graphs 21-57-48-615.png"; sourceTree = "<group>"; };
		6BF501761C976BA500D02DDF /* settings.png */ = {isa = PBXFileReference; lastKnownFileType = image.png; path = settings.png; sourceTree = "<group>"; };
		6BF501771C976BA500D02DDF /* SignOut 21-58-29-156.png */ = {isa = PBXFileReference; lastKnownFileType = image.png; path = "SignOut 21-58-29-156.png"; sourceTree = "<group>"; };
		6BF5017C1C976CD100D02DDF /* Home 22-02-41-812.png */ = {isa = PBXFileReference; lastKnownFileType = image.png; path = "Home 22-02-41-812.png"; sourceTree = "<group>"; };
		6BF5017E1C976CDC00D02DDF /* settings 21-57-48-605.png */ = {isa = PBXFileReference; lastKnownFileType = image.png; path = "settings 21-57-48-605.png"; sourceTree = "<group>"; };
		6BF501801C982D0A00D02DDF /* Background2.0.png */ = {isa = PBXFileReference; lastKnownFileType = image.png; path = Background2.0.png; sourceTree = "<group>"; };
		6BFF50F11CCBCDAF00AFA90C /* backgroundImage.png */ = {isa = PBXFileReference; lastKnownFileType = image.png; path = backgroundImage.png; sourceTree = SOURCE_ROOT; };
		B7FB6211508EFC9924F91B4B /* Pods-1.debug.xcconfig */ = {isa = PBXFileReference; includeInIndex = 1; lastKnownFileType = text.xcconfig; name = "Pods-1.debug.xcconfig"; path = "Pods/Target Support Files/Pods-1/Pods-1.debug.xcconfig"; sourceTree = "<group>"; };
		CD7F374CE6BBEDFE7045F076 /* Pods_1.framework */ = {isa = PBXFileReference; explicitFileType = wrapper.framework; includeInIndex = 0; path = Pods_1.framework; sourceTree = BUILT_PRODUCTS_DIR; };
/* End PBXFileReference section */

/* Begin PBXFrameworksBuildPhase section */
		6B1397B61CBF9CB7000C360E /* Frameworks */ = {
			isa = PBXFrameworksBuildPhase;
			buildActionMask = 2147483647;
			files = (
			);
			runOnlyForDeploymentPostprocessing = 0;
		};
		6BD3EF7C1C858A2100DB6601 /* Frameworks */ = {
			isa = PBXFrameworksBuildPhase;
			buildActionMask = 2147483647;
			files = (
				44563D78DF4EFFA27AB36B71 /* Pods_1.framework in Frameworks */,
				6B354A531CC95F6600BF819C /* Charts.framework in Frameworks */,
			);
			runOnlyForDeploymentPostprocessing = 0;
		};
/* End PBXFrameworksBuildPhase section */

/* Begin PBXGroup section */
		28B5DCAF1CC6CDD700862BC1 /* Products */ = {
			isa = PBXGroup;
			children = (
				28B5DCB61CC6CDD700862BC1 /* Charts.framework */,
				28B5DCB81CC6CDD700862BC1 /* Charts.framework */,
				28B5DCBA1CC6CDD700862BC1 /* Charts.framework */,
				28B5DCBC1CC6CDD700862BC1 /* ChartsTests.xctest */,
			);
			name = Products;
			sourceTree = "<group>";
		};
		6B241BA11C972153004FCE4C /* Graphs */ = {
			isa = PBXGroup;
			children = (
				6BB0FB601CC0E32E00653E12 /* YourData.swift */,
				6B241BA41C972170004FCE4C /* HorizontalBarChartViewController.swift */,
			);
			name = Graphs;
			sourceTree = "<group>";
		};
		6B354A451CC95F5E00BF819C /* Products */ = {
			isa = PBXGroup;
			children = (
				6B354A4C1CC95F5E00BF819C /* Charts.framework */,
				6B354A4E1CC95F5E00BF819C /* Charts.framework */,
				6B354A501CC95F5E00BF819C /* Charts.framework */,
				6B354A521CC95F5E00BF819C /* ChartsTests.xctest */,
			);
			name = Products;
			sourceTree = "<group>";
		};
		6B5BAE7E1C945C8000D7B480 /* Sign Up */ = {
			isa = PBXGroup;
			children = (
				6B6CBA5D1C8C7612004DDC71 /* DOB.swift */,
				6B6CBA5B1C8C5D1C004DDC71 /* Gender.swift */,
				6B6CBA531C8C2DAA004DDC71 /* Sign Up.swift */,
				6B8FFBB81C871ED700EF6A44 /* SleepSchedule.swift */,
			);
			name = "Sign Up";
			sourceTree = "<group>";
		};
		6B9EF41E1C8E2991005546FC /* SWRevealViewController */ = {
			isa = PBXGroup;
			children = (
				6B9EF4231C8E29F7005546FC /* 1-Bridging-Header.h */,
				6B9EF4201C8E29F0005546FC /* SWRevealViewController.h */,
				6B9EF4211C8E29F0005546FC /* SWRevealViewController.m */,
			);
			name = SWRevealViewController;
			sourceTree = "<group>";
		};
		6BCA62131C94D07E0071B527 /* Survey */ = {
			isa = PBXGroup;
			children = (
				6BCA621C1C956CD30071B527 /* SurveyPage1.swift */,
				6BBE20B21C9ED7DA0058F410 /* SurveyPage3.swift */,
				6BBE20B71C9ED8550058F410 /* SurveyPage5.swift */,
				6BCA62141C94D0D90071B527 /* areYouCurrently.swift */,
				6BCA62151C94D0D90071B527 /* divertedYourAttention.swift */,
				6BCA62161C94D0D90071B527 /* hasAnythingDivertedYourAttention.swift */,
				6BCA621E1C9586780071B527 /* ListOfThings.swift */,
				6BCA62201C95A3420071B527 /* MenuTable.swift */,
			);
			name = Survey;
			sourceTree = "<group>";
		};
		6BD3EF761C858A2100DB6601 = {
			isa = PBXGroup;
			children = (
				6BD3EF811C858A2100DB6601 /* 1 */,
				6BD3EF801C858A2100DB6601 /* Products */,
				94DEA556ED46B9DC7C928CB6 /* Pods */,
				86B78178B56F9B05FE049436 /* Frameworks */,
			);
			sourceTree = "<group>";
		};
		6BD3EF801C858A2100DB6601 /* Products */ = {
			isa = PBXGroup;
			children = (
				6BD3EF7F1C858A2100DB6601 /* Focus.app */,
				6B1397B91CBF9CB7000C360E /* 1Tests.xctest */,
			);
			name = Products;
			sourceTree = "<group>";
		};
		6BD3EF811C858A2100DB6601 /* 1 */ = {
			isa = PBXGroup;
			children = (
				6B354A441CC95F5E00BF819C /* Charts.xcodeproj */,
				6BF20CE51C8D8D440052FB0D /* Images */,
				6B9EF41E1C8E2991005546FC /* SWRevealViewController */,
				6BF20CE61C8D8D680052FB0D /* Pages */,
				6BD3EF821C858A2100DB6601 /* AppDelegate.swift */,
				6BD3EF841C858A2100DB6601 /* ViewController.swift */,
				6BD3EF861C858A2100DB6601 /* Main.storyboard */,
				6BD3EF891C858A2100DB6601 /* Assets.xcassets */,
				6BD3EF8E1C858A2100DB6601 /* Info.plist */,
			);
			path = 1;
			sourceTree = "<group>";
		};
		6BF20CE51C8D8D440052FB0D /* Images */ = {
			isa = PBXGroup;
			children = (
				6BFF50F11CCBCDAF00AFA90C /* backgroundImage.png */,
				6BB0FB651CC1046100653E12 /* samplescreen1.png */,
				6BB0FB661CC1046100653E12 /* samplescreen2.png */,
				6B81A1B01C93786D0082EFA8 /* radio_active.png */,
				6B81A1B11C93786D0082EFA8 /* radio_inactive.png */,
				6BF5017C1C976CD100D02DDF /* Home 22-02-41-812.png */,
				6BF5017E1C976CDC00D02DDF /* settings 21-57-48-605.png */,
				6BA76C041C923EF100AC941A /* backgrounColor.png */,
				6BF501741C976BA500D02DDF /* Graphs 21-57-48-615.png */,
				6BF501801C982D0A00D02DDF /* Background2.0.png */,
				6BF501761C976BA500D02DDF /* settings.png */,
				6BF501771C976BA500D02DDF /* SignOut 21-58-29-156.png */,
				6BA76BFA1C923C0100AC941A /* key_active.png */,
				6BA76BFB1C923C0100AC941A /* key.png */,
				6BA76BFC1C923C0100AC941A /* message_active.png */,
				6BA76BFD1C923C0100AC941A /* message.png */,
				6B6CBA4F1C8B44D7004DDC71 /* Checkbox Full.png */,
				6B6CBA4D1C8B44CF004DDC71 /* Checkbox Empty.png */,
				6B6CBA491C8B1A73004DDC71 /* logo.png */,
			);
			name = Images;
			sourceTree = "<group>";
		};
		6BF20CE61C8D8D680052FB0D /* Pages */ = {
			isa = PBXGroup;
			children = (
				6BB0FB5B1CC0D0FF00653E12 /* RevealViewControllerLicense.swift */,
				6BB0FB5D1CC0D3A000653E12 /* ChartsLicense.swift */,
				6B241BA11C972153004FCE4C /* Graphs */,
				6BCA62131C94D07E0071B527 /* Survey */,
				6B5BAE7E1C945C8000D7B480 /* Sign Up */,
				6BF20CE71C8D8D830052FB0D /* Tour */,
				6B3D6BA81C8EF03700FCDAFF /* ChangePassword.swift */,
				6B6CBA511C8B4932004DDC71 /* Consent To Participate.swift */,
				6BB0FB591CC0BF1200653E12 /* CopyrightsViewController.swift */,
				6BA76C021C923CED00AC941A /* LogIn.swift */,
				6B8B10C11C87548000CC21BA /* NotificationsSettings.swift */,
				6B6CBA4B1C8B3BA6004DDC71 /* Notification Information.swift */,
				6B3D6BA61C8EC32F00FCDAFF /* Settings.swift */,
				6B48B4121CCCBB0F0002A9D3 /* Menu.swift */,
			);
			name = Pages;
			sourceTree = "<group>";
		};
		6BF20CE71C8D8D830052FB0D /* Tour */ = {
			isa = PBXGroup;
			children = (
				6B3D1D071C88BF6E00C01B6B /* Tour.swift */,
				6B8FFBA81C870EF300EF6A44 /* View1.swift */,
				6B8FFBA91C870EF300EF6A44 /* View1.xib */,
				6B8FFBAA1C870EF300EF6A44 /* View2.swift */,
				6B8FFBAB1C870EF300EF6A44 /* View2.xib */,
				6B8FFBAC1C870EF300EF6A44 /* View3.swift */,
				6B8FFBAD1C870EF300EF6A44 /* View3.xib */,
				6B8FFBAE1C870EF300EF6A44 /* View4.swift */,
				6B8FFBAF1C870EF300EF6A44 /* View4.xib */,
			);
			name = Tour;
			sourceTree = "<group>";
		};
		86B78178B56F9B05FE049436 /* Frameworks */ = {
			isa = PBXGroup;
			children = (
				28B5DCAE1CC6CDD700862BC1 /* Charts.xcodeproj */,
				CD7F374CE6BBEDFE7045F076 /* Pods_1.framework */,
			);
			name = Frameworks;
			sourceTree = "<group>";
		};
		94DEA556ED46B9DC7C928CB6 /* Pods */ = {
			isa = PBXGroup;
			children = (
				B7FB6211508EFC9924F91B4B /* Pods-1.debug.xcconfig */,
				59289482031957F7F549FA4C /* Pods-1.release.xcconfig */,
			);
			name = Pods;
			sourceTree = "<group>";
		};
/* End PBXGroup section */

/* Begin PBXNativeTarget section */
		6B1397B81CBF9CB7000C360E /* 1Tests */ = {
			isa = PBXNativeTarget;
			buildConfigurationList = 6B1397C01CBF9CB7000C360E /* Build configuration list for PBXNativeTarget "1Tests" */;
			buildPhases = (
				6B1397B51CBF9CB7000C360E /* Sources */,
				6B1397B61CBF9CB7000C360E /* Frameworks */,
				6B1397B71CBF9CB7000C360E /* Resources */,
			);
			buildRules = (
			);
			dependencies = (
				6B1397BF1CBF9CB7000C360E /* PBXTargetDependency */,
			);
			name = 1Tests;
			productName = 1Tests;
			productReference = 6B1397B91CBF9CB7000C360E /* 1Tests.xctest */;
			productType = "com.apple.product-type.bundle.unit-test";
		};
		6BD3EF7E1C858A2100DB6601 /* 1 */ = {
			isa = PBXNativeTarget;
			buildConfigurationList = 6BD3EF911C858A2100DB6601 /* Build configuration list for PBXNativeTarget "1" */;
			buildPhases = (
				8EE11DCC53322F3E8A8605FF /* Check Pods Manifest.lock */,
				6BD3EF7B1C858A2100DB6601 /* Sources */,
				6BD3EF7C1C858A2100DB6601 /* Frameworks */,
				6BD3EF7D1C858A2100DB6601 /* Resources */,
				650782D1CAAD5D61FFFBB4D9 /* Embed Pods Frameworks */,
				ACFAFC91542079B3ED603B3B /* Copy Pods Resources */,
				6B354A571CC95F6600BF819C /* Embed Frameworks */,
			);
			buildRules = (
			);
			dependencies = (
				6B354A561CC95F6600BF819C /* PBXTargetDependency */,
			);
			name = 1;
			productName = 1;
			productReference = 6BD3EF7F1C858A2100DB6601 /* Focus.app */;
			productType = "com.apple.product-type.application";
		};
/* End PBXNativeTarget section */

/* Begin PBXProject section */
		6BD3EF771C858A2100DB6601 /* Project object */ = {
			isa = PBXProject;
			attributes = {
				LastSwiftUpdateCheck = 0720;
				LastUpgradeCheck = 0720;
				ORGANIZATIONNAME = "University College London";
				TargetAttributes = {
					6B1397B81CBF9CB7000C360E = {
						CreatedOnToolsVersion = 7.2;
						DevelopmentTeam = D25FKF4Y42;
						TestTargetID = 6BD3EF7E1C858A2100DB6601;
					};
					6BD3EF7E1C858A2100DB6601 = {
						CreatedOnToolsVersion = 7.2;
						DevelopmentTeam = D25FKF4Y42;
						SystemCapabilities = {
							com.apple.BackgroundModes = {
								enabled = 0;
							};
						};
					};
				};
			};
			buildConfigurationList = 6BD3EF7A1C858A2100DB6601 /* Build configuration list for PBXProject "1" */;
			compatibilityVersion = "Xcode 3.2";
			developmentRegion = English;
			hasScannedForEncodings = 0;
			knownRegions = (
				en,
				Base,
			);
			mainGroup = 6BD3EF761C858A2100DB6601;
			productRefGroup = 6BD3EF801C858A2100DB6601 /* Products */;
			projectDirPath = "";
			projectReferences = (
				{
					ProductGroup = 28B5DCAF1CC6CDD700862BC1 /* Products */;
					ProjectRef = 28B5DCAE1CC6CDD700862BC1 /* Charts.xcodeproj */;
				},
				{
					ProductGroup = 6B354A451CC95F5E00BF819C /* Products */;
					ProjectRef = 6B354A441CC95F5E00BF819C /* Charts.xcodeproj */;
				},
			);
			projectRoot = "";
			targets = (
				6BD3EF7E1C858A2100DB6601 /* 1 */,
				6B1397B81CBF9CB7000C360E /* 1Tests */,
			);
		};
/* End PBXProject section */

/* Begin PBXReferenceProxy section */
		28B5DCB61CC6CDD700862BC1 /* Charts.framework */ = {
			isa = PBXReferenceProxy;
			fileType = wrapper.framework;
			path = Charts.framework;
			remoteRef = 28B5DCB51CC6CDD700862BC1 /* PBXContainerItemProxy */;
			sourceTree = BUILT_PRODUCTS_DIR;
		};
		28B5DCB81CC6CDD700862BC1 /* Charts.framework */ = {
			isa = PBXReferenceProxy;
			fileType = wrapper.framework;
			path = Charts.framework;
			remoteRef = 28B5DCB71CC6CDD700862BC1 /* PBXContainerItemProxy */;
			sourceTree = BUILT_PRODUCTS_DIR;
		};
		28B5DCBA1CC6CDD700862BC1 /* Charts.framework */ = {
			isa = PBXReferenceProxy;
			fileType = wrapper.framework;
			path = Charts.framework;
			remoteRef = 28B5DCB91CC6CDD700862BC1 /* PBXContainerItemProxy */;
			sourceTree = BUILT_PRODUCTS_DIR;
		};
		28B5DCBC1CC6CDD700862BC1 /* ChartsTests.xctest */ = {
			isa = PBXReferenceProxy;
			fileType = wrapper.cfbundle;
			path = ChartsTests.xctest;
			remoteRef = 28B5DCBB1CC6CDD700862BC1 /* PBXContainerItemProxy */;
			sourceTree = BUILT_PRODUCTS_DIR;
		};
		6B354A4C1CC95F5E00BF819C /* Charts.framework */ = {
			isa = PBXReferenceProxy;
			fileType = wrapper.framework;
			path = Charts.framework;
			remoteRef = 6B354A4B1CC95F5E00BF819C /* PBXContainerItemProxy */;
			sourceTree = BUILT_PRODUCTS_DIR;
		};
		6B354A4E1CC95F5E00BF819C /* Charts.framework */ = {
			isa = PBXReferenceProxy;
			fileType = wrapper.framework;
			path = Charts.framework;
			remoteRef = 6B354A4D1CC95F5E00BF819C /* PBXContainerItemProxy */;
			sourceTree = BUILT_PRODUCTS_DIR;
		};
		6B354A501CC95F5E00BF819C /* Charts.framework */ = {
			isa = PBXReferenceProxy;
			fileType = wrapper.framework;
			path = Charts.framework;
			remoteRef = 6B354A4F1CC95F5E00BF819C /* PBXContainerItemProxy */;
			sourceTree = BUILT_PRODUCTS_DIR;
		};
		6B354A521CC95F5E00BF819C /* ChartsTests.xctest */ = {
			isa = PBXReferenceProxy;
			fileType = wrapper.cfbundle;
			path = ChartsTests.xctest;
			remoteRef = 6B354A511CC95F5E00BF819C /* PBXContainerItemProxy */;
			sourceTree = BUILT_PRODUCTS_DIR;
		};
/* End PBXReferenceProxy section */

/* Begin PBXResourcesBuildPhase section */
		6B1397B71CBF9CB7000C360E /* Resources */ = {
			isa = PBXResourcesBuildPhase;
			buildActionMask = 2147483647;
			files = (
			);
			runOnlyForDeploymentPostprocessing = 0;
		};
		6BD3EF7D1C858A2100DB6601 /* Resources */ = {
			isa = PBXResourcesBuildPhase;
			buildActionMask = 2147483647;
			files = (
				6BF501781C976BA500D02DDF /* Graphs 21-57-48-615.png in Resources */,
				6BF5017B1C976BA500D02DDF /* SignOut 21-58-29-156.png in Resources */,
				6B6CBA4A1C8B1A73004DDC71 /* logo.png in Resources */,
				6BFF50F21CCBCDAF00AFA90C /* backgroundImage.png in Resources */,
				6BA76C001C923C0100AC941A /* message_active.png in Resources */,
				6BF501811C982D0A00D02DDF /* Background2.0.png in Resources */,
				6B81A1B21C93786D0082EFA8 /* radio_active.png in Resources */,
				6BA76C011C923C0100AC941A /* message.png in Resources */,
				6BB0FB671CC1046100653E12 /* samplescreen1.png in Resources */,
				6BF5017F1C976CDC00D02DDF /* settings 21-57-48-605.png in Resources */,
				6B81A1B31C93786D0082EFA8 /* radio_inactive.png in Resources */,
				6B6CBA4E1C8B44CF004DDC71 /* Checkbox Empty.png in Resources */,
				6BB0FB681CC1046100653E12 /* samplescreen2.png in Resources */,
				6B8FFBB51C870EF300EF6A44 /* View3.xib in Resources */,
				6BF5017D1C976CD100D02DDF /* Home 22-02-41-812.png in Resources */,
				6BA76C051C923EF100AC941A /* backgrounColor.png in Resources */,
				6BF5017A1C976BA500D02DDF /* settings.png in Resources */,
				6B6CBA501C8B44D7004DDC71 /* Checkbox Full.png in Resources */,
				6BA76BFF1C923C0100AC941A /* key.png in Resources */,
				6B8FFBB11C870EF300EF6A44 /* View1.xib in Resources */,
				6BD3EF8A1C858A2100DB6601 /* Assets.xcassets in Resources */,
				6BD3EF881C858A2100DB6601 /* Main.storyboard in Resources */,
				6BA76BFE1C923C0100AC941A /* key_active.png in Resources */,
				6B8FFBB31C870EF300EF6A44 /* View2.xib in Resources */,
				6B8FFBB71C870EF300EF6A44 /* View4.xib in Resources */,
			);
			runOnlyForDeploymentPostprocessing = 0;
		};
/* End PBXResourcesBuildPhase section */

/* Begin PBXShellScriptBuildPhase section */
		650782D1CAAD5D61FFFBB4D9 /* Embed Pods Frameworks */ = {
			isa = PBXShellScriptBuildPhase;
			buildActionMask = 2147483647;
			files = (
			);
			inputPaths = (
			);
			name = "Embed Pods Frameworks";
			outputPaths = (
			);
			runOnlyForDeploymentPostprocessing = 0;
			shellPath = /bin/sh;
			shellScript = "\"${SRCROOT}/Pods/Target Support Files/Pods-1/Pods-1-frameworks.sh\"\n";
			showEnvVarsInLog = 0;
		};
		8EE11DCC53322F3E8A8605FF /* Check Pods Manifest.lock */ = {
			isa = PBXShellScriptBuildPhase;
			buildActionMask = 2147483647;
			files = (
			);
			inputPaths = (
			);
			name = "Check Pods Manifest.lock";
			outputPaths = (
			);
			runOnlyForDeploymentPostprocessing = 0;
			shellPath = /bin/sh;
			shellScript = "diff \"${PODS_ROOT}/../Podfile.lock\" \"${PODS_ROOT}/Manifest.lock\" > /dev/null\nif [[ $? != 0 ]] ; then\n    cat << EOM\nerror: The sandbox is not in sync with the Podfile.lock. Run 'pod install' or update your CocoaPods installation.\nEOM\n    exit 1\nfi\n";
			showEnvVarsInLog = 0;
		};
		ACFAFC91542079B3ED603B3B /* Copy Pods Resources */ = {
			isa = PBXShellScriptBuildPhase;
			buildActionMask = 2147483647;
			files = (
			);
			inputPaths = (
			);
			name = "Copy Pods Resources";
			outputPaths = (
			);
			runOnlyForDeploymentPostprocessing = 0;
			shellPath = /bin/sh;
			shellScript = "\"${SRCROOT}/Pods/Target Support Files/Pods-1/Pods-1-resources.sh\"\n";
			showEnvVarsInLog = 0;
		};
/* End PBXShellScriptBuildPhase section */

/* Begin PBXSourcesBuildPhase section */
		6B1397B51CBF9CB7000C360E /* Sources */ = {
			isa = PBXSourcesBuildPhase;
			buildActionMask = 2147483647;
			files = (
			);
			runOnlyForDeploymentPostprocessing = 0;
		};
		6BD3EF7B1C858A2100DB6601 /* Sources */ = {
			isa = PBXSourcesBuildPhase;
			buildActionMask = 2147483647;
			files = (
				6BA3E4801C95D69E00C4994D /* SWRevealViewController.m in Sources */,
				6B8B10C21C87548000CC21BA /* NotificationsSettings.swift in Sources */,
				6B8FFBB61C870EF300EF6A44 /* View4.swift in Sources */,
				6B8FFBB41C870EF300EF6A44 /* View3.swift in Sources */,
				6BBE20B81C9ED8550058F410 /* SurveyPage5.swift in Sources */,
				6B8FFBB01C870EF300EF6A44 /* View1.swift in Sources */,
				6BB0FB5A1CC0BF1200653E12 /* CopyrightsViewController.swift in Sources */,
				6B6CBA5C1C8C5D1C004DDC71 /* Gender.swift in Sources */,
				6BD3EF831C858A2100DB6601 /* AppDelegate.swift in Sources */,
				6BCA621D1C956CD30071B527 /* SurveyPage1.swift in Sources */,
				6B6CBA4C1C8B3BA6004DDC71 /* Notification Information.swift in Sources */,
				6BCA62191C94D0D90071B527 /* divertedYourAttention.swift in Sources */,
				6BCA62181C94D0D90071B527 /* areYouCurrently.swift in Sources */,
				6BCA621A1C94D0D90071B527 /* hasAnythingDivertedYourAttention.swift in Sources */,
				6BBE20B31C9ED7DA0058F410 /* SurveyPage3.swift in Sources */,
				6BFC4B3A1C9D7EDA003DD657 /* ViewController.swift in Sources */,
				6BB0FB5C1CC0D0FF00653E12 /* RevealViewControllerLicense.swift in Sources */,
				6B6CBA5E1C8C7612004DDC71 /* DOB.swift in Sources */,
				6B3D6BA91C8EF03700FCDAFF /* ChangePassword.swift in Sources */,
				6BA76C031C923CED00AC941A /* LogIn.swift in Sources */,
				6B3D1D081C88BF6E00C01B6B /* Tour.swift in Sources */,
				6B8FFBB91C871ED700EF6A44 /* SleepSchedule.swift in Sources */,
				6B8FFBB21C870EF300EF6A44 /* View2.swift in Sources */,
				6BB0FB5E1CC0D3A000653E12 /* ChartsLicense.swift in Sources */,
				6BB0FB611CC0E32E00653E12 /* YourData.swift in Sources */,
				6B6CBA541C8C2DAA004DDC71 /* Sign Up.swift in Sources */,
				6B48B4131CCCBB0F0002A9D3 /* Menu.swift in Sources */,
				6B6CBA521C8B4932004DDC71 /* Consent To Participate.swift in Sources */,
				6BCA62211C95A3420071B527 /* MenuTable.swift in Sources */,
				6B241BA71C972170004FCE4C /* HorizontalBarChartViewController.swift in Sources */,
				6BCA621F1C9586780071B527 /* ListOfThings.swift in Sources */,
				6B3D6BA71C8EC32F00FCDAFF /* Settings.swift in Sources */,
			);
			runOnlyForDeploymentPostprocessing = 0;
		};
/* End PBXSourcesBuildPhase section */

/* Begin PBXTargetDependency section */
		6B1397BF1CBF9CB7000C360E /* PBXTargetDependency */ = {
			isa = PBXTargetDependency;
			target = 6BD3EF7E1C858A2100DB6601 /* 1 */;
			targetProxy = 6B1397BE1CBF9CB7000C360E /* PBXContainerItemProxy */;
		};
		6B354A561CC95F6600BF819C /* PBXTargetDependency */ = {
			isa = PBXTargetDependency;
			name = "Charts-iOS";
			targetProxy = 6B354A551CC95F6600BF819C /* PBXContainerItemProxy */;
		};
/* End PBXTargetDependency section */

/* Begin PBXVariantGroup section */
		6BD3EF861C858A2100DB6601 /* Main.storyboard */ = {
			isa = PBXVariantGroup;
			children = (
				6BD3EF871C858A2100DB6601 /* Base */,
			);
			name = Main.storyboard;
			sourceTree = "<group>";
		};
/* End PBXVariantGroup section */

/* Begin XCBuildConfiguration section */
		6B1397C11CBF9CB7000C360E /* Debug */ = {
			isa = XCBuildConfiguration;
			buildSettings = {
				BUNDLE_LOADER = "$(TEST_HOST)";
				INFOPLIST_FILE = 1Tests/Info.plist;
				LD_RUNPATH_SEARCH_PATHS = "$(inherited) @executable_path/Frameworks @loader_path/Frameworks";
				PRODUCT_BUNDLE_IDENTIFIER = "uk.ac.ucl.15070402.-Tests";
				PRODUCT_NAME = "$(TARGET_NAME)";
				TEST_HOST = "$(BUILT_PRODUCTS_DIR)/1.app/1";
			};
			name = Debug;
		};
		6B1397C21CBF9CB7000C360E /* Release */ = {
			isa = XCBuildConfiguration;
			buildSettings = {
				BUNDLE_LOADER = "$(TEST_HOST)";
				INFOPLIST_FILE = 1Tests/Info.plist;
				LD_RUNPATH_SEARCH_PATHS = "$(inherited) @executable_path/Frameworks @loader_path/Frameworks";
				PRODUCT_BUNDLE_IDENTIFIER = "uk.ac.ucl.15070402.-Tests";
				PRODUCT_NAME = "$(TARGET_NAME)";
				TEST_HOST = "$(BUILT_PRODUCTS_DIR)/1.app/1";
			};
			name = Release;
		};
		6BD3EF8F1C858A2100DB6601 /* Debug */ = {
			isa = XCBuildConfiguration;
			buildSettings = {
				ALWAYS_SEARCH_USER_PATHS = NO;
				CLANG_CXX_LANGUAGE_STANDARD = "gnu++0x";
				CLANG_CXX_LIBRARY = "libc++";
				CLANG_ENABLE_MODULES = YES;
				CLANG_ENABLE_OBJC_ARC = YES;
				CLANG_WARN_BOOL_CONVERSION = YES;
				CLANG_WARN_CONSTANT_CONVERSION = YES;
				CLANG_WARN_DIRECT_OBJC_ISA_USAGE = YES_ERROR;
				CLANG_WARN_EMPTY_BODY = YES;
				CLANG_WARN_ENUM_CONVERSION = YES;
				CLANG_WARN_INT_CONVERSION = YES;
				CLANG_WARN_OBJC_ROOT_CLASS = YES_ERROR;
				CLANG_WARN_UNREACHABLE_CODE = YES;
				CLANG_WARN__DUPLICATE_METHOD_MATCH = YES;
				"CODE_SIGN_IDENTITY[sdk=iphoneos*]" = "iPhone Developer";
				COPY_PHASE_STRIP = NO;
				DEBUG_INFORMATION_FORMAT = dwarf;
				ENABLE_STRICT_OBJC_MSGSEND = YES;
				ENABLE_TESTABILITY = YES;
				GCC_C_LANGUAGE_STANDARD = gnu99;
				GCC_DYNAMIC_NO_PIC = NO;
				GCC_NO_COMMON_BLOCKS = YES;
				GCC_OPTIMIZATION_LEVEL = 0;
				GCC_PREPROCESSOR_DEFINITIONS = (
					"DEBUG=1",
					"$(inherited)",
				);
				GCC_WARN_64_TO_32_BIT_CONVERSION = YES;
				GCC_WARN_ABOUT_RETURN_TYPE = YES_ERROR;
				GCC_WARN_UNDECLARED_SELECTOR = YES;
				GCC_WARN_UNINITIALIZED_AUTOS = YES_AGGRESSIVE;
				GCC_WARN_UNUSED_FUNCTION = YES;
				GCC_WARN_UNUSED_VARIABLE = YES;
				IPHONEOS_DEPLOYMENT_TARGET = 9.2;
				MTL_ENABLE_DEBUG_INFO = YES;
				ONLY_ACTIVE_ARCH = YES;
				SDKROOT = iphoneos;
				SWIFT_OPTIMIZATION_LEVEL = "-Onone";
			};
			name = Debug;
		};
		6BD3EF901C858A2100DB6601 /* Release */ = {
			isa = XCBuildConfiguration;
			buildSettings = {
				ALWAYS_SEARCH_USER_PATHS = NO;
				CLANG_CXX_LANGUAGE_STANDARD = "gnu++0x";
				CLANG_CXX_LIBRARY = "libc++";
				CLANG_ENABLE_MODULES = YES;
				CLANG_ENABLE_OBJC_ARC = YES;
				CLANG_WARN_BOOL_CONVERSION = YES;
				CLANG_WARN_CONSTANT_CONVERSION = YES;
				CLANG_WARN_DIRECT_OBJC_ISA_USAGE = YES_ERROR;
				CLANG_WARN_EMPTY_BODY = YES;
				CLANG_WARN_ENUM_CONVERSION = YES;
				CLANG_WARN_INT_CONVERSION = YES;
				CLANG_WARN_OBJC_ROOT_CLASS = YES_ERROR;
				CLANG_WARN_UNREACHABLE_CODE = YES;
				CLANG_WARN__DUPLICATE_METHOD_MATCH = YES;
				"CODE_SIGN_IDENTITY[sdk=iphoneos*]" = "iPhone Developer";
				COPY_PHASE_STRIP = NO;
				DEBUG_INFORMATION_FORMAT = "dwarf-with-dsym";
				ENABLE_NS_ASSERTIONS = NO;
				ENABLE_STRICT_OBJC_MSGSEND = YES;
				GCC_C_LANGUAGE_STANDARD = gnu99;
				GCC_NO_COMMON_BLOCKS = YES;
				GCC_WARN_64_TO_32_BIT_CONVERSION = YES;
				GCC_WARN_ABOUT_RETURN_TYPE = YES_ERROR;
				GCC_WARN_UNDECLARED_SELECTOR = YES;
				GCC_WARN_UNINITIALIZED_AUTOS = YES_AGGRESSIVE;
				GCC_WARN_UNUSED_FUNCTION = YES;
				GCC_WARN_UNUSED_VARIABLE = YES;
				IPHONEOS_DEPLOYMENT_TARGET = 9.2;
				MTL_ENABLE_DEBUG_INFO = NO;
				SDKROOT = iphoneos;
				VALIDATE_PRODUCT = YES;
			};
			name = Release;
		};
		6BD3EF921C858A2100DB6601 /* Debug */ = {
			isa = XCBuildConfiguration;
			baseConfigurationReference = B7FB6211508EFC9924F91B4B /* Pods-1.debug.xcconfig */;
			buildSettings = {
				ASSETCATALOG_COMPILER_APPICON_NAME = AppIcon;
				CLANG_ENABLE_MODULES = YES;
				CODE_SIGN_IDENTITY = "iPhone Developer";
				EMBEDDED_CONTENT_CONTAINS_SWIFT = YES;
				INFOPLIST_FILE = 1/Info.plist;
				LD_RUNPATH_SEARCH_PATHS = "$(inherited) @executable_path/Frameworks";
				PRODUCT_BUNDLE_IDENTIFIER = "uk.ac.ucl.15070402.-";
				PRODUCT_NAME = Focus;
				SWIFT_OBJC_BRIDGING_HEADER = "1/1-Bridging-Header.h";
				SWIFT_OPTIMIZATION_LEVEL = "-Onone";
				TARGETED_DEVICE_FAMILY = 1;
			};
			name = Debug;
		};
		6BD3EF931C858A2100DB6601 /* Release */ = {
			isa = XCBuildConfiguration;
			baseConfigurationReference = 59289482031957F7F549FA4C /* Pods-1.release.xcconfig */;
			buildSettings = {
				ASSETCATALOG_COMPILER_APPICON_NAME = AppIcon;
				CLANG_ENABLE_MODULES = YES;
				CODE_SIGN_IDENTITY = "iPhone Developer";
				EMBEDDED_CONTENT_CONTAINS_SWIFT = YES;
				INFOPLIST_FILE = 1/Info.plist;
				LD_RUNPATH_SEARCH_PATHS = "$(inherited) @executable_path/Frameworks";
				PRODUCT_BUNDLE_IDENTIFIER = "uk.ac.ucl.15070402.-";
				PRODUCT_NAME = Focus;
				SWIFT_OBJC_BRIDGING_HEADER = "1/1-Bridging-Header.h";
				TARGETED_DEVICE_FAMILY = 1;
			};
			name = Release;
		};
/* End XCBuildConfiguration section */

/* Begin XCConfigurationList section */
		6B1397C01CBF9CB7000C360E /* Build configuration list for PBXNativeTarget "1Tests" */ = {
			isa = XCConfigurationList;
			buildConfigurations = (
				6B1397C11CBF9CB7000C360E /* Debug */,
				6B1397C21CBF9CB7000C360E /* Release */,
			);
			defaultConfigurationIsVisible = 0;
			defaultConfigurationName = Release;
		};
		6BD3EF7A1C858A2100DB6601 /* Build configuration list for PBXProject "1" */ = {
			isa = XCConfigurationList;
			buildConfigurations = (
				6BD3EF8F1C858A2100DB6601 /* Debug */,
				6BD3EF901C858A2100DB6601 /* Release */,
			);
			defaultConfigurationIsVisible = 0;
			defaultConfigurationName = Release;
		};
		6BD3EF911C858A2100DB6601 /* Build configuration list for PBXNativeTarget "1" */ = {
			isa = XCConfigurationList;
			buildConfigurations = (
				6BD3EF921C858A2100DB6601 /* Debug */,
				6BD3EF931C858A2100DB6601 /* Release */,
			);
			defaultConfigurationIsVisible = 0;
			defaultConfigurationName = Release;
		};
/* End XCConfigurationList section */
	};
	rootObject = 6BD3EF771C858A2100DB6601 /* Project object */;
}
